PODS:
  - Flutter (1.0.0)
  - flutter_screenshot_callback_plus (0.0.1):
    - Flutter

DEPENDENCIES:
  - Flutter (from `Flutter`)
  - flutter_screenshot_callback_plus (from `.symlinks/plugins/flutter_screenshot_callback_plus/ios`)

EXTERNAL SOURCES:
  Flutter:
    :path: Flutter
  flutter_screenshot_callback_plus:
    :path: ".symlinks/plugins/flutter_screenshot_callback_plus/ios"

SPEC CHECKSUMS:
  Flutter: cabc95a1d2626b1b06e7179b784ebcf0c0cde467
  flutter_screenshot_callback_plus: 1cf642e0730c582319e61360bf0acbfb8810409b

PODFILE CHECKSUM: 0dbd5a87e0ace00c9610d2037ac22083a01f861d

COCOAPODS: 1.16.2
